<?xml version="1.0" encoding="UTF-8"?>
<!DOCTYPE plist PUBLIC "-//Apple//DTD PLIST 1.0//EN" "http://www.apple.com/DTDs/PropertyList-1.0.dtd">
<plist version="1.0">
<dict>
	<key>archiveVersion</key>
	<string>1</string>
	<key>classes</key>
	<dict/>
	<key>objectVersion</key>
	<string>46</string>
	<key>objects</key>
	<dict>
		<key>206158BA2BF0E28D14DD4058</key>
		<dict>
			<key>buildActionMask</key>
			<string>2147483647</string>
			<key>files</key>
			<array/>
			<key>inputPaths</key>
			<array/>
			<key>isa</key>
			<string>PBXShellScriptBuildPhase</string>
			<key>name</key>
			<string>Check Pods Manifest.lock</string>
			<key>outputPaths</key>
			<array/>
			<key>runOnlyForDeploymentPostprocessing</key>
			<string>0</string>
			<key>shellPath</key>
			<string>/bin/sh</string>
			<key>shellScript</key>
			<string>diff "${PODS_ROOT}/../Podfile.lock" "${PODS_ROOT}/Manifest.lock" &gt; /dev/null
if [[ $? != 0 ]] ; then
    cat &lt;&lt; EOM
error: The sandbox is not in sync with the Podfile.lock. Run 'pod install' or update your CocoaPods installation.
EOM
    exit 1
fi
</string>
			<key>showEnvVarsInLog</key>
			<string>0</string>
		</dict>
		<key>2766B123A99F196C873ACE2F</key>
		<dict>
			<key>buildActionMask</key>
			<string>2147483647</string>
			<key>files</key>
			<array/>
			<key>inputPaths</key>
			<array/>
			<key>isa</key>
			<string>PBXShellScriptBuildPhase</string>
			<key>name</key>
			<string>Copy Pods Resources</string>
			<key>outputPaths</key>
			<array/>
			<key>runOnlyForDeploymentPostprocessing</key>
			<string>0</string>
			<key>shellPath</key>
			<string>/bin/sh</string>
			<key>shellScript</key>
			<string>"${SRCROOT}/Pods/Target Support Files/Pods-KDIC/Pods-KDIC-resources.sh"
</string>
			<key>showEnvVarsInLog</key>
			<string>0</string>
		</dict>
		<key>34A1B0CE19DB78AE009E241B</key>
		<dict>
			<key>isa</key>
			<string>PBXFileReference</string>
			<key>lastKnownFileType</key>
			<string>wrapper.framework</string>
			<key>name</key>
			<string>CFNetwork.framework</string>
			<key>path</key>
			<string>System/Library/Frameworks/CFNetwork.framework</string>
			<key>sourceTree</key>
			<string>SDKROOT</string>
		</dict>
		<key>34A1B0CF19DB78AE009E241B</key>
		<dict>
			<key>fileRef</key>
			<string>34A1B0CE19DB78AE009E241B</string>
			<key>isa</key>
			<string>PBXBuildFile</string>
		</dict>
		<key>3DB86BBD067001B067FF0A44</key>
		<dict>
			<key>includeInIndex</key>
			<string>1</string>
			<key>isa</key>
			<string>PBXFileReference</string>
			<key>lastKnownFileType</key>
			<string>text.xcconfig</string>
			<key>name</key>
			<string>Pods-KDIC.release.xcconfig</string>
			<key>path</key>
			<string>Pods/Target Support Files/Pods-KDIC/Pods-KDIC.release.xcconfig</string>
			<key>sourceTree</key>
			<string>&lt;group&gt;</string>
		</dict>
		<key>4A026E99E8516E82C1BE1132</key>
		<dict>
			<key>children</key>
			<array>
				<string>89A8BF243D30B2A16BF78029</string>
				<string>3DB86BBD067001B067FF0A44</string>
			</array>
			<key>isa</key>
			<string>PBXGroup</string>
			<key>name</key>
			<string>Pods</string>
			<key>sourceTree</key>
			<string>&lt;group&gt;</string>
		</dict>
		<key>89A8BF243D30B2A16BF78029</key>
		<dict>
			<key>includeInIndex</key>
			<string>1</string>
			<key>isa</key>
			<string>PBXFileReference</string>
			<key>lastKnownFileType</key>
			<string>text.xcconfig</string>
			<key>name</key>
			<string>Pods-KDIC.debug.xcconfig</string>
			<key>path</key>
			<string>Pods/Target Support Files/Pods-KDIC/Pods-KDIC.debug.xcconfig</string>
			<key>sourceTree</key>
			<string>&lt;group&gt;</string>
		</dict>
		<key>8E7B2FDA0122F1A83DAED5CE</key>
		<dict>
			<key>fileRef</key>
			<string>C91A6413EE8E5A6CDE48D752</string>
			<key>isa</key>
			<string>PBXBuildFile</string>
		</dict>
		<key>C91A6413EE8E5A6CDE48D752</key>
		<dict>
			<key>explicitFileType</key>
			<string>archive.ar</string>
			<key>includeInIndex</key>
			<string>0</string>
			<key>isa</key>
			<string>PBXFileReference</string>
			<key>path</key>
			<string>libPods-KDIC.a</string>
			<key>sourceTree</key>
			<string>BUILT_PRODUCTS_DIR</string>
		</dict>
		<key>E17B28861825F2D60049DC5D</key>
		<dict>
			<key>children</key>
			<array>
				<string>E17B28981825F2D60049DC5D</string>
				<string>E17B28911825F2D60049DC5D</string>
				<string>E17B28901825F2D60049DC5D</string>
				<string>4A026E99E8516E82C1BE1132</string>
			</array>
			<key>isa</key>
			<string>PBXGroup</string>
			<key>sourceTree</key>
			<string>&lt;group&gt;</string>
		</dict>
		<key>E17B28871825F2D60049DC5D</key>
		<dict>
			<key>attributes</key>
			<dict>
				<key>LastUpgradeCheck</key>
				<string>0720</string>
				<key>ORGANIZATIONNAME</key>
				<string>Colin Tremblay</string>
				<key>TargetAttributes</key>
				<dict>
					<key>E17B288E1825F2D60049DC5D</key>
					<dict>
						<key>DevelopmentTeam</key>
						<string>2U2Y6A72AA</string>
						<key>SystemCapabilities</key>
						<dict>
							<key>com.apple.BackgroundModes</key>
							<dict>
								<key>enabled</key>
								<string>1</string>
							</dict>
						</dict>
					</dict>
				</dict>
			</dict>
			<key>buildConfigurationList</key>
			<string>E17B288A1825F2D60049DC5D</string>
			<key>compatibilityVersion</key>
			<string>Xcode 3.2</string>
			<key>developmentRegion</key>
			<string>English</string>
			<key>hasScannedForEncodings</key>
			<string>0</string>
			<key>isa</key>
			<string>PBXProject</string>
			<key>knownRegions</key>
			<array>
				<string>en</string>
				<string>Base</string>
			</array>
			<key>mainGroup</key>
			<string>E17B28861825F2D60049DC5D</string>
			<key>productRefGroup</key>
			<string>E17B28901825F2D60049DC5D</string>
			<key>projectDirPath</key>
			<string></string>
			<key>projectReferences</key>
			<array/>
			<key>projectRoot</key>
			<string></string>
			<key>targets</key>
			<array>
				<string>E17B288E1825F2D60049DC5D</string>
			</array>
		</dict>
		<key>E17B288A1825F2D60049DC5D</key>
		<dict>
			<key>buildConfigurations</key>
			<array>
				<string>E17B28C21825F2D70049DC5D</string>
				<string>E17B28C31825F2D70049DC5D</string>
			</array>
			<key>defaultConfigurationIsVisible</key>
			<string>0</string>
			<key>defaultConfigurationName</key>
			<string>Release</string>
			<key>isa</key>
			<string>XCConfigurationList</string>
		</dict>
		<key>E17B288B1825F2D60049DC5D</key>
		<dict>
			<key>buildActionMask</key>
			<string>2147483647</string>
			<key>files</key>
			<array>
				<string>EFB6679D1CCD565D00502B3E</string>
				<string>EFA62BBA1C86361200F91777</string>
				<string>EFFE28081CCD3B2400C18833</string>
				<string>E17B28A31825F2D60049DC5D</string>
				<string>EFF6D9B51C2F828200CBDCD3</string>
				<string>EF9E45BC1C6CFA9E00A513E0</string>
				<string>EFAC5F901C30704700D25E1B</string>
				<string>E17B289F1825F2D60049DC5D</string>
				<string>EFAC5F921C30790700D25E1B</string>
				<string>EFA62BBC1C86754E00F91777</string>
				<string>EFFE280A1CCD3D1600C18833</string>
			</array>
			<key>isa</key>
			<string>PBXSourcesBuildPhase</string>
			<key>runOnlyForDeploymentPostprocessing</key>
			<string>0</string>
		</dict>
		<key>E17B288C1825F2D60049DC5D</key>
		<dict>
			<key>buildActionMask</key>
			<string>2147483647</string>
			<key>files</key>
			<array>
				<string>34A1B0CF19DB78AE009E241B</string>
				<string>E17B28D21825FF440049DC5D</string>
				<string>E17B28CB1825F3C90049DC5D</string>
				<string>E17B28951825F2D60049DC5D</string>
				<string>E17B28971825F2D60049DC5D</string>
				<string>E17B28931825F2D60049DC5D</string>
				<string>8E7B2FDA0122F1A83DAED5CE</string>
			</array>
			<key>isa</key>
			<string>PBXFrameworksBuildPhase</string>
			<key>runOnlyForDeploymentPostprocessing</key>
			<string>0</string>
		</dict>
		<key>E17B288D1825F2D60049DC5D</key>
		<dict>
			<key>buildActionMask</key>
			<string>2147483647</string>
			<key>files</key>
			<array>
				<string>EFBEF04F1C95F3C300ED66C7</string>
				<string>E193F5C3183E0F0F00150BD7</string>
				<string>E19F26ED183FC10F0028E064</string>
				<string>E193F5C4183E0F0F00150BD7</string>
				<string>EF5C2E061C8921360007A2CC</string>
				<string>E17FEC38183EED510011C2BB</string>
				<string>E193F5C8183E0F0F00150BD7</string>
				<string>E193F5C2183E0F0F00150BD7</string>
				<string>E193F5C1183E0F0F00150BD7</string>
				<string>E17FEC32183EED510011C2BB</string>
				<string>E193F5C9183E0F0F00150BD7</string>
				<string>E17B28AE1825F2D60049DC5D</string>
				<string>E193F5C6183E0F0F00150BD7</string>
				<string>E193F5C7183E0F0F00150BD7</string>
				<string>E19F26EE183FC10F0028E064</string>
				<string>E17FEC33183EED510011C2BB</string>
				<string>E17FEC39183EED510011C2BB</string>
				<string>E17B289D1825F2D60049DC5D</string>
				<string>E193F5C5183E0F0F00150BD7</string>
			</array>
			<key>isa</key>
			<string>PBXResourcesBuildPhase</string>
			<key>runOnlyForDeploymentPostprocessing</key>
			<string>0</string>
		</dict>
		<key>E17B288E1825F2D60049DC5D</key>
		<dict>
			<key>buildConfigurationList</key>
			<string>E17B28C41825F2D70049DC5D</string>
			<key>buildPhases</key>
			<array>
				<string>206158BA2BF0E28D14DD4058</string>
				<string>E17B288B1825F2D60049DC5D</string>
				<string>E17B288C1825F2D60049DC5D</string>
				<string>E17B288D1825F2D60049DC5D</string>
				<string>FE54E5459C68ED6DD7FD67F2</string>
				<string>2766B123A99F196C873ACE2F</string>
			</array>
			<key>buildRules</key>
			<array/>
			<key>dependencies</key>
			<array/>
			<key>isa</key>
			<string>PBXNativeTarget</string>
			<key>name</key>
			<string>KDIC</string>
			<key>productName</key>
			<string>KDIC</string>
			<key>productReference</key>
			<string>E17B288F1825F2D60049DC5D</string>
			<key>productType</key>
			<string>com.apple.product-type.application</string>
		</dict>
		<key>E17B288F1825F2D60049DC5D</key>
		<dict>
			<key>explicitFileType</key>
			<string>wrapper.application</string>
			<key>includeInIndex</key>
			<string>0</string>
			<key>isa</key>
			<string>PBXFileReference</string>
			<key>path</key>
			<string>KDIC.app</string>
			<key>sourceTree</key>
			<string>BUILT_PRODUCTS_DIR</string>
		</dict>
		<key>E17B28901825F2D60049DC5D</key>
		<dict>
			<key>children</key>
			<array>
				<string>E17B288F1825F2D60049DC5D</string>
			</array>
			<key>isa</key>
			<string>PBXGroup</string>
			<key>name</key>
			<string>Products</string>
			<key>sourceTree</key>
			<string>&lt;group&gt;</string>
		</dict>
		<key>E17B28911825F2D60049DC5D</key>
		<dict>
			<key>children</key>
			<array>
				<string>34A1B0CE19DB78AE009E241B</string>
				<string>E17B28D11825FF440049DC5D</string>
				<string>E17B28CA1825F3C90049DC5D</string>
				<string>E17B28921825F2D60049DC5D</string>
				<string>E17B28941825F2D60049DC5D</string>
				<string>E17B28961825F2D60049DC5D</string>
				<string>C91A6413EE8E5A6CDE48D752</string>
			</array>
			<key>isa</key>
			<string>PBXGroup</string>
			<key>name</key>
			<string>Frameworks</string>
			<key>sourceTree</key>
			<string>&lt;group&gt;</string>
		</dict>
		<key>E17B28921825F2D60049DC5D</key>
		<dict>
			<key>isa</key>
			<string>PBXFileReference</string>
			<key>lastKnownFileType</key>
			<string>wrapper.framework</string>
			<key>name</key>
			<string>Foundation.framework</string>
			<key>path</key>
			<string>System/Library/Frameworks/Foundation.framework</string>
			<key>sourceTree</key>
			<string>SDKROOT</string>
		</dict>
		<key>E17B28931825F2D60049DC5D</key>
		<dict>
			<key>fileRef</key>
			<string>E17B28921825F2D60049DC5D</string>
			<key>isa</key>
			<string>PBXBuildFile</string>
		</dict>
		<key>E17B28941825F2D60049DC5D</key>
		<dict>
			<key>isa</key>
			<string>PBXFileReference</string>
			<key>lastKnownFileType</key>
			<string>wrapper.framework</string>
			<key>name</key>
			<string>CoreGraphics.framework</string>
			<key>path</key>
			<string>System/Library/Frameworks/CoreGraphics.framework</string>
			<key>sourceTree</key>
			<string>SDKROOT</string>
		</dict>
		<key>E17B28951825F2D60049DC5D</key>
		<dict>
			<key>fileRef</key>
			<string>E17B28941825F2D60049DC5D</string>
			<key>isa</key>
			<string>PBXBuildFile</string>
		</dict>
		<key>E17B28961825F2D60049DC5D</key>
		<dict>
			<key>isa</key>
			<string>PBXFileReference</string>
			<key>lastKnownFileType</key>
			<string>wrapper.framework</string>
			<key>name</key>
			<string>UIKit.framework</string>
			<key>path</key>
			<string>System/Library/Frameworks/UIKit.framework</string>
			<key>sourceTree</key>
			<string>SDKROOT</string>
		</dict>
		<key>E17B28971825F2D60049DC5D</key>
		<dict>
			<key>fileRef</key>
			<string>E17B28961825F2D60049DC5D</string>
			<key>isa</key>
			<string>PBXBuildFile</string>
		</dict>
		<key>E17B28981825F2D60049DC5D</key>
		<dict>
			<key>children</key>
			<array>
				<string>E17B28A41825F2D60049DC5D</string>
				<string>E17B28A11825F2D60049DC5D</string>
				<string>E17B28A21825F2D60049DC5D</string>
				<string>EFF6D9B41C2F828200CBDCD3</string>
				<string>EFF6D9B31C2F828200CBDCD3</string>
				<string>EFFE28071CCD3B2400C18833</string>
				<string>E17B28AD1825F2D60049DC5D</string>
				<string>E17B28991825F2D60049DC5D</string>
				<string>E17B28D01825F8E60049DC5D</string>
				<string>EFAC5F8F1C30704700D25E1B</string>
				<string>EFAC5F911C30790700D25E1B</string>
				<string>EF9E45BB1C6CFA9D00A513E0</string>
				<string>EFA62BB91C86361200F91777</string>
				<string>EFA62BBB1C86754E00F91777</string>
				<string>EF5C2E051C8921360007A2CC</string>
				<string>EFFE28091CCD3D1600C18833</string>
				<string>EFB6679C1CCD565D00502B3E</string>
			</array>
			<key>isa</key>
			<string>PBXGroup</string>
			<key>path</key>
			<string>KDIC</string>
			<key>sourceTree</key>
			<string>&lt;group&gt;</string>
		</dict>
		<key>E17B28991825F2D60049DC5D</key>
		<dict>
			<key>children</key>
			<array>
				<string>E17B289A1825F2D60049DC5D</string>
				<string>E17B289B1825F2D60049DC5D</string>
				<string>E17B289E1825F2D60049DC5D</string>
				<string>E17B28A01825F2D60049DC5D</string>
			</array>
			<key>isa</key>
			<string>PBXGroup</string>
			<key>name</key>
			<string>Supporting Files</string>
			<key>sourceTree</key>
			<string>&lt;group&gt;</string>
		</dict>
		<key>E17B289A1825F2D60049DC5D</key>
		<dict>
			<key>isa</key>
			<string>PBXFileReference</string>
			<key>lastKnownFileType</key>
			<string>text.plist.xml</string>
			<key>path</key>
			<string>KDIC-Info.plist</string>
			<key>sourceTree</key>
			<string>&lt;group&gt;</string>
		</dict>
		<key>E17B289B1825F2D60049DC5D</key>
		<dict>
			<key>children</key>
			<array>
				<string>E17B289C1825F2D60049DC5D</string>
			</array>
			<key>isa</key>
			<string>PBXVariantGroup</string>
			<key>name</key>
			<string>InfoPlist.strings</string>
			<key>sourceTree</key>
			<string>&lt;group&gt;</string>
		</dict>
		<key>E17B289C1825F2D60049DC5D</key>
		<dict>
			<key>isa</key>
			<string>PBXFileReference</string>
			<key>lastKnownFileType</key>
			<string>text.plist.strings</string>
			<key>name</key>
			<string>en</string>
			<key>path</key>
			<string>en.lproj/InfoPlist.strings</string>
			<key>sourceTree</key>
			<string>&lt;group&gt;</string>
		</dict>
		<key>E17B289D1825F2D60049DC5D</key>
		<dict>
			<key>fileRef</key>
			<string>E17B289B1825F2D60049DC5D</string>
			<key>isa</key>
			<string>PBXBuildFile</string>
		</dict>
		<key>E17B289E1825F2D60049DC5D</key>
		<dict>
			<key>isa</key>
			<string>PBXFileReference</string>
			<key>lastKnownFileType</key>
			<string>sourcecode.c.objc</string>
			<key>path</key>
			<string>main.m</string>
			<key>sourceTree</key>
			<string>&lt;group&gt;</string>
		</dict>
		<key>E17B289F1825F2D60049DC5D</key>
		<dict>
			<key>fileRef</key>
			<string>E17B289E1825F2D60049DC5D</string>
			<key>isa</key>
			<string>PBXBuildFile</string>
		</dict>
		<key>E17B28A01825F2D60049DC5D</key>
		<dict>
			<key>isa</key>
			<string>PBXFileReference</string>
			<key>lastKnownFileType</key>
			<string>sourcecode.c.h</string>
			<key>path</key>
			<string>KDIC-Prefix.pch</string>
			<key>sourceTree</key>
			<string>&lt;group&gt;</string>
		</dict>
		<key>E17B28A11825F2D60049DC5D</key>
		<dict>
			<key>isa</key>
			<string>PBXFileReference</string>
			<key>lastKnownFileType</key>
			<string>sourcecode.c.h</string>
			<key>path</key>
			<string>AppDelegate.h</string>
			<key>sourceTree</key>
			<string>&lt;group&gt;</string>
		</dict>
		<key>E17B28A21825F2D60049DC5D</key>
		<dict>
			<key>isa</key>
			<string>PBXFileReference</string>
			<key>lastKnownFileType</key>
			<string>sourcecode.c.objc</string>
			<key>path</key>
			<string>AppDelegate.m</string>
			<key>sourceTree</key>
			<string>&lt;group&gt;</string>
		</dict>
		<key>E17B28A31825F2D60049DC5D</key>
		<dict>
			<key>fileRef</key>
			<string>E17B28A21825F2D60049DC5D</string>
			<key>isa</key>
			<string>PBXBuildFile</string>
		</dict>
		<key>E17B28A41825F2D60049DC5D</key>
		<dict>
			<key>children</key>
			<array>
				<string>E17B28A51825F2D60049DC5D</string>
			</array>
			<key>isa</key>
			<string>PBXVariantGroup</string>
			<key>name</key>
			<string>Main_iPhone.storyboard</string>
			<key>sourceTree</key>
			<string>&lt;group&gt;</string>
		</dict>
		<key>E17B28A51825F2D60049DC5D</key>
		<dict>
			<key>isa</key>
			<string>PBXFileReference</string>
			<key>lastKnownFileType</key>
			<string>file.storyboard</string>
			<key>name</key>
			<string>Base</string>
			<key>path</key>
			<string>Base.lproj/Main_iPhone.storyboard</string>
			<key>sourceTree</key>
			<string>&lt;group&gt;</string>
		</dict>
		<key>E17B28AD1825F2D60049DC5D</key>
		<dict>
			<key>isa</key>
			<string>PBXFileReference</string>
			<key>lastKnownFileType</key>
			<string>folder.assetcatalog</string>
			<key>path</key>
			<string>Images.xcassets</string>
			<key>sourceTree</key>
			<string>&lt;group&gt;</string>
		</dict>
		<key>E17B28AE1825F2D60049DC5D</key>
		<dict>
			<key>fileRef</key>
			<string>E17B28AD1825F2D60049DC5D</string>
			<key>isa</key>
			<string>PBXBuildFile</string>
		</dict>
		<key>E17B28C21825F2D70049DC5D</key>
		<dict>
			<key>buildSettings</key>
			<dict>
				<key>ALWAYS_SEARCH_USER_PATHS</key>
				<string>NO</string>
				<key>CLANG_CXX_LANGUAGE_STANDARD</key>
				<string>gnu++0x</string>
				<key>CLANG_CXX_LIBRARY</key>
				<string>libc++</string>
				<key>CLANG_ENABLE_MODULES</key>
				<string>YES</string>
				<key>CLANG_ENABLE_OBJC_ARC</key>
				<string>YES</string>
				<key>CLANG_WARN_BOOL_CONVERSION</key>
				<string>YES</string>
				<key>CLANG_WARN_CONSTANT_CONVERSION</key>
				<string>YES</string>
				<key>CLANG_WARN_DIRECT_OBJC_ISA_USAGE</key>
				<string>YES_ERROR</string>
				<key>CLANG_WARN_EMPTY_BODY</key>
				<string>YES</string>
				<key>CLANG_WARN_ENUM_CONVERSION</key>
				<string>YES</string>
				<key>CLANG_WARN_INT_CONVERSION</key>
				<string>YES</string>
				<key>CLANG_WARN_OBJC_ROOT_CLASS</key>
				<string>YES_ERROR</string>
				<key>CLANG_WARN__DUPLICATE_METHOD_MATCH</key>
				<string>YES</string>
				<key>CODE_SIGN_IDENTITY[sdk=iphoneos*]</key>
				<string>iPhone Developer</string>
				<key>COPY_PHASE_STRIP</key>
				<string>NO</string>
				<key>ENABLE_TESTABILITY</key>
				<string>YES</string>
				<key>GCC_C_LANGUAGE_STANDARD</key>
				<string>gnu99</string>
				<key>GCC_DYNAMIC_NO_PIC</key>
				<string>NO</string>
				<key>GCC_OPTIMIZATION_LEVEL</key>
				<string>0</string>
				<key>GCC_PREPROCESSOR_DEFINITIONS</key>
				<array>
					<string>DEBUG=1</string>
					<string>$(inherited)</string>
				</array>
				<key>GCC_SYMBOLS_PRIVATE_EXTERN</key>
				<string>NO</string>
				<key>GCC_WARN_64_TO_32_BIT_CONVERSION</key>
				<string>YES</string>
				<key>GCC_WARN_ABOUT_RETURN_TYPE</key>
				<string>YES_ERROR</string>
				<key>GCC_WARN_UNDECLARED_SELECTOR</key>
				<string>YES</string>
				<key>GCC_WARN_UNINITIALIZED_AUTOS</key>
				<string>YES</string>
				<key>GCC_WARN_UNUSED_FUNCTION</key>
				<string>YES</string>
				<key>GCC_WARN_UNUSED_VARIABLE</key>
				<string>YES</string>
				<key>IPHONEOS_DEPLOYMENT_TARGET</key>
				<string>7.0</string>
				<key>ONLY_ACTIVE_ARCH</key>
				<string>YES</string>
				<key>SDKROOT</key>
				<string>iphoneos</string>
				<key>TARGETED_DEVICE_FAMILY</key>
				<string>1,2</string>
			</dict>
			<key>isa</key>
			<string>XCBuildConfiguration</string>
			<key>name</key>
			<string>Debug</string>
		</dict>
		<key>E17B28C31825F2D70049DC5D</key>
		<dict>
			<key>buildSettings</key>
			<dict>
				<key>ALWAYS_SEARCH_USER_PATHS</key>
				<string>NO</string>
				<key>CLANG_CXX_LANGUAGE_STANDARD</key>
				<string>gnu++0x</string>
				<key>CLANG_CXX_LIBRARY</key>
				<string>libc++</string>
				<key>CLANG_ENABLE_MODULES</key>
				<string>YES</string>
				<key>CLANG_ENABLE_OBJC_ARC</key>
				<string>YES</string>
				<key>CLANG_WARN_BOOL_CONVERSION</key>
				<string>YES</string>
				<key>CLANG_WARN_CONSTANT_CONVERSION</key>
				<string>YES</string>
				<key>CLANG_WARN_DIRECT_OBJC_ISA_USAGE</key>
				<string>YES_ERROR</string>
				<key>CLANG_WARN_EMPTY_BODY</key>
				<string>YES</string>
				<key>CLANG_WARN_ENUM_CONVERSION</key>
				<string>YES</string>
				<key>CLANG_WARN_INT_CONVERSION</key>
				<string>YES</string>
				<key>CLANG_WARN_OBJC_ROOT_CLASS</key>
				<string>YES_ERROR</string>
				<key>CLANG_WARN__DUPLICATE_METHOD_MATCH</key>
				<string>YES</string>
				<key>CODE_SIGN_IDENTITY[sdk=iphoneos*]</key>
				<string>iPhone Developer</string>
				<key>COPY_PHASE_STRIP</key>
				<string>YES</string>
				<key>ENABLE_NS_ASSERTIONS</key>
				<string>NO</string>
				<key>GCC_C_LANGUAGE_STANDARD</key>
				<string>gnu99</string>
				<key>GCC_WARN_64_TO_32_BIT_CONVERSION</key>
				<string>YES</string>
				<key>GCC_WARN_ABOUT_RETURN_TYPE</key>
				<string>YES_ERROR</string>
				<key>GCC_WARN_UNDECLARED_SELECTOR</key>
				<string>YES</string>
				<key>GCC_WARN_UNINITIALIZED_AUTOS</key>
				<string>YES</string>
				<key>GCC_WARN_UNUSED_FUNCTION</key>
				<string>YES</string>
				<key>GCC_WARN_UNUSED_VARIABLE</key>
				<string>YES</string>
				<key>IPHONEOS_DEPLOYMENT_TARGET</key>
				<string>7.0</string>
				<key>SDKROOT</key>
				<string>iphoneos</string>
				<key>TARGETED_DEVICE_FAMILY</key>
				<string>1,2</string>
				<key>VALIDATE_PRODUCT</key>
				<string>YES</string>
			</dict>
			<key>isa</key>
			<string>XCBuildConfiguration</string>
			<key>name</key>
			<string>Release</string>
		</dict>
		<key>E17B28C41825F2D70049DC5D</key>
		<dict>
			<key>buildConfigurations</key>
			<array>
				<string>E17B28C51825F2D70049DC5D</string>
				<string>E17B28C61825F2D70049DC5D</string>
			</array>
			<key>defaultConfigurationIsVisible</key>
			<string>0</string>
			<key>defaultConfigurationName</key>
			<string>Release</string>
			<key>isa</key>
			<string>XCConfigurationList</string>
		</dict>
		<key>E17B28C51825F2D70049DC5D</key>
		<dict>
			<key>baseConfigurationReference</key>
			<string>89A8BF243D30B2A16BF78029</string>
			<key>buildSettings</key>
			<dict>
				<key>ASSETCATALOG_COMPILER_APPICON_NAME</key>
				<string>AppIcon-2</string>
				<key>CLANG_ENABLE_MODULES</key>
				<string>YES</string>
				<key>CODE_SIGN_IDENTITY</key>
				<string>iPhone Developer</string>
				<key>CODE_SIGN_IDENTITY[sdk=iphoneos*]</key>
				<string>iPhone Developer</string>
				<key>FRAMEWORK_SEARCH_PATHS</key>
				<array>
					<string>$(inherited)</string>
					<string>$(PROJECT_DIR)</string>
				</array>
				<key>GCC_PRECOMPILE_PREFIX_HEADER</key>
				<string>YES</string>
				<key>GCC_PREFIX_HEADER</key>
				<string>KDIC/KDIC-Prefix.pch</string>
				<key>INFOPLIST_FILE</key>
				<string>KDIC/KDIC-Info.plist</string>
				<key>IPHONEOS_DEPLOYMENT_TARGET</key>
				<string>8.4</string>
				<key>LD_RUNPATH_SEARCH_PATHS</key>
				<string>$(inherited) @executable_path/Frameworks</string>
				<key>PRODUCT_BUNDLE_IDENTIFIER</key>
				<string>GrinnellAppDev.${PRODUCT_NAME:rfc1034identifier}</string>
				<key>PRODUCT_NAME</key>
				<string>$(TARGET_NAME)</string>
				<key>PROVISIONING_PROFILE</key>
				<string></string>
				<key>SWIFT_OBJC_BRIDGING_HEADER</key>
				<string>KDIC/KDIC-Bridging-Header.h</string>
				<key>SWIFT_OPTIMIZATION_LEVEL</key>
				<string>-Onone</string>
				<key>TARGETED_DEVICE_FAMILY</key>
				<string>1</string>
				<key>WRAPPER_EXTENSION</key>
				<string>app</string>
			</dict>
			<key>isa</key>
			<string>XCBuildConfiguration</string>
			<key>name</key>
			<string>Debug</string>
		</dict>
		<key>E17B28C61825F2D70049DC5D</key>
		<dict>
			<key>baseConfigurationReference</key>
			<string>3DB86BBD067001B067FF0A44</string>
			<key>buildSettings</key>
			<dict>
				<key>ASSETCATALOG_COMPILER_APPICON_NAME</key>
				<string>AppIcon-2</string>
				<key>CLANG_ENABLE_MODULES</key>
				<string>YES</string>
				<key>CODE_SIGN_IDENTITY</key>
				<string>iPhone Developer</string>
				<key>CODE_SIGN_IDENTITY[sdk=iphoneos*]</key>
				<string>iPhone Developer</string>
				<key>FRAMEWORK_SEARCH_PATHS</key>
				<array>
					<string>$(inherited)</string>
					<string>$(PROJECT_DIR)</string>
				</array>
				<key>GCC_PRECOMPILE_PREFIX_HEADER</key>
				<string>YES</string>
				<key>GCC_PREFIX_HEADER</key>
				<string>KDIC/KDIC-Prefix.pch</string>
				<key>INFOPLIST_FILE</key>
				<string>KDIC/KDIC-Info.plist</string>
				<key>IPHONEOS_DEPLOYMENT_TARGET</key>
				<string>8.4</string>
				<key>LD_RUNPATH_SEARCH_PATHS</key>
				<string>$(inherited) @executable_path/Frameworks</string>
				<key>PRODUCT_BUNDLE_IDENTIFIER</key>
				<string>GrinnellAppDev.${PRODUCT_NAME:rfc1034identifier}</string>
				<key>PRODUCT_NAME</key>
				<string>$(TARGET_NAME)</string>
				<key>PROVISIONING_PROFILE</key>
				<string></string>
				<key>SWIFT_OBJC_BRIDGING_HEADER</key>
				<string>KDIC/KDIC-Bridging-Header.h</string>
				<key>TARGETED_DEVICE_FAMILY</key>
				<string>1</string>
				<key>WRAPPER_EXTENSION</key>
				<string>app</string>
			</dict>
			<key>isa</key>
			<string>XCBuildConfiguration</string>
			<key>name</key>
			<string>Release</string>
		</dict>
		<key>E17B28CA1825F3C90049DC5D</key>
		<dict>
			<key>isa</key>
			<string>PBXFileReference</string>
			<key>lastKnownFileType</key>
			<string>wrapper.framework</string>
			<key>name</key>
			<string>AVFoundation.framework</string>
			<key>path</key>
			<string>System/Library/Frameworks/AVFoundation.framework</string>
			<key>sourceTree</key>
			<string>SDKROOT</string>
		</dict>
		<key>E17B28CB1825F3C90049DC5D</key>
		<dict>
			<key>fileRef</key>
			<string>E17B28CA1825F3C90049DC5D</string>
			<key>isa</key>
			<string>PBXBuildFile</string>
		</dict>
		<key>E17B28D01825F8E60049DC5D</key>
		<dict>
			<key>children</key>
			<array>
				<string>E1BF440C1828A01000215B14</string>
				<string>E193F5EA183E0F6C00150BD7</string>
			</array>
			<key>isa</key>
			<string>PBXGroup</string>
			<key>name</key>
			<string>Images</string>
			<key>sourceTree</key>
			<string>&lt;group&gt;</string>
		</dict>
		<key>E17B28D11825FF440049DC5D</key>
		<dict>
			<key>isa</key>
			<string>PBXFileReference</string>
			<key>lastKnownFileType</key>
			<string>wrapper.framework</string>
			<key>name</key>
			<string>MediaPlayer.framework</string>
			<key>path</key>
			<string>System/Library/Frameworks/MediaPlayer.framework</string>
			<key>sourceTree</key>
			<string>SDKROOT</string>
		</dict>
		<key>E17B28D21825FF440049DC5D</key>
		<dict>
			<key>fileRef</key>
			<string>E17B28D11825FF440049DC5D</string>
			<key>isa</key>
			<string>PBXBuildFile</string>
		</dict>
		<key>E17FEC26183EED510011C2BB</key>
		<dict>
			<key>isa</key>
			<string>PBXFileReference</string>
			<key>lastKnownFileType</key>
			<string>image.png</string>
			<key>name</key>
			<string>antenna2.png</string>
			<key>path</key>
			<string>Images.xcassets/TabBarIcons/antenna2.png</string>
			<key>sourceTree</key>
			<string>&lt;group&gt;</string>
		</dict>
		<key>E17FEC27183EED510011C2BB</key>
		<dict>
			<key>isa</key>
			<string>PBXFileReference</string>
			<key>lastKnownFileType</key>
			<string>image.png</string>
			<key>name</key>
			<string>antenna2@2x.png</string>
			<key>path</key>
			<string>Images.xcassets/TabBarIcons/antenna2@2x.png</string>
			<key>sourceTree</key>
			<string>&lt;group&gt;</string>
		</dict>
		<key>E17FEC2C183EED510011C2BB</key>
		<dict>
			<key>isa</key>
			<string>PBXFileReference</string>
			<key>lastKnownFileType</key>
			<string>image.png</string>
			<key>name</key>
			<string>microphone2.png</string>
			<key>path</key>
			<string>Images.xcassets/TabBarIcons/microphone2.png</string>
			<key>sourceTree</key>
			<string>&lt;group&gt;</string>
		</dict>
		<key>E17FEC2D183EED510011C2BB</key>
		<dict>
			<key>isa</key>
			<string>PBXFileReference</string>
			<key>lastKnownFileType</key>
			<string>image.png</string>
			<key>name</key>
			<string>microphone2@2x.png</string>
			<key>path</key>
			<string>Images.xcassets/TabBarIcons/microphone2@2x.png</string>
			<key>sourceTree</key>
			<string>&lt;group&gt;</string>
		</dict>
		<key>E17FEC32183EED510011C2BB</key>
		<dict>
			<key>fileRef</key>
			<string>E17FEC26183EED510011C2BB</string>
			<key>isa</key>
			<string>PBXBuildFile</string>
		</dict>
		<key>E17FEC33183EED510011C2BB</key>
		<dict>
			<key>fileRef</key>
			<string>E17FEC27183EED510011C2BB</string>
			<key>isa</key>
			<string>PBXBuildFile</string>
		</dict>
		<key>E17FEC38183EED510011C2BB</key>
		<dict>
			<key>fileRef</key>
			<string>E17FEC2C183EED510011C2BB</string>
			<key>isa</key>
			<string>PBXBuildFile</string>
		</dict>
		<key>E17FEC39183EED510011C2BB</key>
		<dict>
			<key>fileRef</key>
			<string>E17FEC2D183EED510011C2BB</string>
			<key>isa</key>
			<string>PBXBuildFile</string>
		</dict>
		<key>E193F5B8183E0F0F00150BD7</key>
		<dict>
			<key>isa</key>
			<string>PBXFileReference</string>
			<key>lastKnownFileType</key>
			<string>image.png</string>
			<key>name</key>
			<string>icon-29.png</string>
			<key>path</key>
			<string>Images.xcassets/AppIcons/icon-29.png</string>
			<key>sourceTree</key>
			<string>&lt;group&gt;</string>
		</dict>
		<key>E193F5B9183E0F0F00150BD7</key>
		<dict>
			<key>isa</key>
			<string>PBXFileReference</string>
			<key>lastKnownFileType</key>
			<string>image.png</string>
			<key>name</key>
			<string>icon-40.png</string>
			<key>path</key>
			<string>Images.xcassets/AppIcons/icon-40.png</string>
			<key>sourceTree</key>
			<string>&lt;group&gt;</string>
		</dict>
		<key>E193F5BA183E0F0F00150BD7</key>
		<dict>
			<key>isa</key>
			<string>PBXFileReference</string>
			<key>lastKnownFileType</key>
			<string>image.png</string>
			<key>name</key>
			<string>icon-58.png</string>
			<key>path</key>
			<string>Images.xcassets/AppIcons/icon-58.png</string>
			<key>sourceTree</key>
			<string>&lt;group&gt;</string>
		</dict>
		<key>E193F5BB183E0F0F00150BD7</key>
		<dict>
			<key>isa</key>
			<string>PBXFileReference</string>
			<key>lastKnownFileType</key>
			<string>image.png</string>
			<key>name</key>
			<string>icon-76.png</string>
			<key>path</key>
			<string>Images.xcassets/AppIcons/icon-76.png</string>
			<key>sourceTree</key>
			<string>&lt;group&gt;</string>
		</dict>
		<key>E193F5BC183E0F0F00150BD7</key>
		<dict>
			<key>isa</key>
			<string>PBXFileReference</string>
			<key>lastKnownFileType</key>
			<string>image.png</string>
			<key>name</key>
			<string>icon-80.png</string>
			<key>path</key>
			<string>Images.xcassets/AppIcons/icon-80.png</string>
			<key>sourceTree</key>
			<string>&lt;group&gt;</string>
		</dict>
		<key>E193F5BD183E0F0F00150BD7</key>
		<dict>
			<key>isa</key>
			<string>PBXFileReference</string>
			<key>lastKnownFileType</key>
			<string>image.png</string>
			<key>name</key>
			<string>icon-120.png</string>
			<key>path</key>
			<string>Images.xcassets/AppIcons/icon-120.png</string>
			<key>sourceTree</key>
			<string>&lt;group&gt;</string>
		</dict>
		<key>E193F5BE183E0F0F00150BD7</key>
		<dict>
			<key>isa</key>
			<string>PBXFileReference</string>
			<key>lastKnownFileType</key>
			<string>image.png</string>
			<key>name</key>
			<string>icon-152.png</string>
			<key>path</key>
			<string>Images.xcassets/AppIcons/icon-152.png</string>
			<key>sourceTree</key>
			<string>&lt;group&gt;</string>
		</dict>
		<key>E193F5BF183E0F0F00150BD7</key>
		<dict>
			<key>isa</key>
			<string>PBXFileReference</string>
			<key>lastKnownFileType</key>
			<string>image.png</string>
			<key>name</key>
			<string>iTunesArtwork.png</string>
			<key>path</key>
			<string>Images.xcassets/AppIcons/iTunesArtwork.png</string>
			<key>sourceTree</key>
			<string>&lt;group&gt;</string>
		</dict>
		<key>E193F5C0183E0F0F00150BD7</key>
		<dict>
			<key>isa</key>
			<string>PBXFileReference</string>
			<key>lastKnownFileType</key>
			<string>image.png</string>
			<key>name</key>
			<string>iTunesArtwork@2x.png</string>
			<key>path</key>
			<string>Images.xcassets/AppIcons/iTunesArtwork@2x.png</string>
			<key>sourceTree</key>
			<string>&lt;group&gt;</string>
		</dict>
		<key>E193F5C1183E0F0F00150BD7</key>
		<dict>
			<key>fileRef</key>
			<string>E193F5B8183E0F0F00150BD7</string>
			<key>isa</key>
			<string>PBXBuildFile</string>
		</dict>
		<key>E193F5C2183E0F0F00150BD7</key>
		<dict>
			<key>fileRef</key>
			<string>E193F5B9183E0F0F00150BD7</string>
			<key>isa</key>
			<string>PBXBuildFile</string>
		</dict>
		<key>E193F5C3183E0F0F00150BD7</key>
		<dict>
			<key>fileRef</key>
			<string>E193F5BA183E0F0F00150BD7</string>
			<key>isa</key>
			<string>PBXBuildFile</string>
		</dict>
		<key>E193F5C4183E0F0F00150BD7</key>
		<dict>
			<key>fileRef</key>
			<string>E193F5BB183E0F0F00150BD7</string>
			<key>isa</key>
			<string>PBXBuildFile</string>
		</dict>
		<key>E193F5C5183E0F0F00150BD7</key>
		<dict>
			<key>fileRef</key>
			<string>E193F5BC183E0F0F00150BD7</string>
			<key>isa</key>
			<string>PBXBuildFile</string>
		</dict>
		<key>E193F5C6183E0F0F00150BD7</key>
		<dict>
			<key>fileRef</key>
			<string>E193F5BD183E0F0F00150BD7</string>
			<key>isa</key>
			<string>PBXBuildFile</string>
		</dict>
		<key>E193F5C7183E0F0F00150BD7</key>
		<dict>
			<key>fileRef</key>
			<string>E193F5BE183E0F0F00150BD7</string>
			<key>isa</key>
			<string>PBXBuildFile</string>
		</dict>
		<key>E193F5C8183E0F0F00150BD7</key>
		<dict>
			<key>fileRef</key>
			<string>E193F5BF183E0F0F00150BD7</string>
			<key>isa</key>
			<string>PBXBuildFile</string>
		</dict>
		<key>E193F5C9183E0F0F00150BD7</key>
		<dict>
			<key>fileRef</key>
			<string>E193F5C0183E0F0F00150BD7</string>
			<key>isa</key>
			<string>PBXBuildFile</string>
		</dict>
		<key>E193F5EA183E0F6C00150BD7</key>
		<dict>
			<key>children</key>
			<array>
				<string>E17FEC26183EED510011C2BB</string>
				<string>E17FEC27183EED510011C2BB</string>
				<string>E17FEC2C183EED510011C2BB</string>
				<string>E17FEC2D183EED510011C2BB</string>
				<string>E19F26EB183FC10F0028E064</string>
				<string>E19F26EC183FC10F0028E064</string>
			</array>
			<key>isa</key>
			<string>PBXGroup</string>
			<key>name</key>
			<string>TabBarIcons</string>
			<key>sourceTree</key>
			<string>&lt;group&gt;</string>
		</dict>
		<key>E19F26EB183FC10F0028E064</key>
		<dict>
			<key>isa</key>
			<string>PBXFileReference</string>
			<key>lastKnownFileType</key>
			<string>image.png</string>
			<key>name</key>
			<string>schedule.png</string>
			<key>path</key>
			<string>Images.xcassets/TabBarIcons/schedule.png</string>
			<key>sourceTree</key>
			<string>&lt;group&gt;</string>
		</dict>
		<key>E19F26EC183FC10F0028E064</key>
		<dict>
			<key>isa</key>
			<string>PBXFileReference</string>
			<key>lastKnownFileType</key>
			<string>image.png</string>
			<key>name</key>
			<string>schedule@2x.png</string>
			<key>path</key>
			<string>Images.xcassets/TabBarIcons/schedule@2x.png</string>
			<key>sourceTree</key>
			<string>&lt;group&gt;</string>
		</dict>
		<key>E19F26ED183FC10F0028E064</key>
		<dict>
			<key>fileRef</key>
			<string>E19F26EB183FC10F0028E064</string>
			<key>isa</key>
			<string>PBXBuildFile</string>
		</dict>
		<key>E19F26EE183FC10F0028E064</key>
		<dict>
			<key>fileRef</key>
			<string>E19F26EC183FC10F0028E064</string>
			<key>isa</key>
			<string>PBXBuildFile</string>
		</dict>
		<key>E1BF440C1828A01000215B14</key>
		<dict>
			<key>children</key>
			<array>
				<string>E193F5B8183E0F0F00150BD7</string>
				<string>E193F5B9183E0F0F00150BD7</string>
				<string>E193F5BA183E0F0F00150BD7</string>
				<string>E193F5BB183E0F0F00150BD7</string>
				<string>E193F5BC183E0F0F00150BD7</string>
				<string>E193F5BD183E0F0F00150BD7</string>
				<string>E193F5BE183E0F0F00150BD7</string>
				<string>E193F5BF183E0F0F00150BD7</string>
				<string>E193F5C0183E0F0F00150BD7</string>
			</array>
			<key>isa</key>
			<string>PBXGroup</string>
			<key>name</key>
			<string>AppIcons</string>
			<key>sourceTree</key>
			<string>&lt;group&gt;</string>
		</dict>
		<key>EF5C2E051C8921360007A2CC</key>
		<dict>
			<key>fileEncoding</key>
			<string>4</string>
			<key>isa</key>
			<string>PBXFileReference</string>
			<key>lastKnownFileType</key>
			<string>file.storyboard</string>
			<key>path</key>
			<string>Launch Screen.storyboard</string>
			<key>sourceTree</key>
			<string>&lt;group&gt;</string>
		</dict>
		<key>EF5C2E061C8921360007A2CC</key>
		<dict>
			<key>fileRef</key>
			<string>EF5C2E051C8921360007A2CC</string>
			<key>isa</key>
			<string>PBXBuildFile</string>
		</dict>
		<key>EF9E45BB1C6CFA9D00A513E0</key>
		<dict>
			<key>fileEncoding</key>
			<string>4</string>
			<key>isa</key>
			<string>PBXFileReference</string>
			<key>lastKnownFileType</key>
			<string>sourcecode.swift</string>
			<key>path</key>
			<string>KDICScrapperReqs.swift</string>
			<key>sourceTree</key>
			<string>&lt;group&gt;</string>
		</dict>
		<key>EF9E45BC1C6CFA9E00A513E0</key>
		<dict>
			<key>fileRef</key>
			<string>EF9E45BB1C6CFA9D00A513E0</string>
			<key>isa</key>
			<string>PBXBuildFile</string>
		</dict>
		<key>EFA62BB91C86361200F91777</key>
		<dict>
			<key>fileEncoding</key>
			<string>4</string>
			<key>isa</key>
			<string>PBXFileReference</string>
			<key>lastKnownFileType</key>
			<string>sourcecode.swift</string>
			<key>path</key>
			<string>BlogTableCell.swift</string>
			<key>sourceTree</key>
			<string>&lt;group&gt;</string>
		</dict>
		<key>EFA62BBA1C86361200F91777</key>
		<dict>
			<key>fileRef</key>
			<string>EFA62BB91C86361200F91777</string>
			<key>isa</key>
			<string>PBXBuildFile</string>
		</dict>
		<key>EFA62BBB1C86754E00F91777</key>
		<dict>
			<key>fileEncoding</key>
			<string>4</string>
			<key>isa</key>
			<string>PBXFileReference</string>
			<key>lastKnownFileType</key>
			<string>sourcecode.swift</string>
			<key>path</key>
			<string>ScheduleTableCell.swift</string>
			<key>sourceTree</key>
			<string>&lt;group&gt;</string>
		</dict>
		<key>EFA62BBC1C86754E00F91777</key>
		<dict>
			<key>fileRef</key>
			<string>EFA62BBB1C86754E00F91777</string>
			<key>isa</key>
			<string>PBXBuildFile</string>
		</dict>
		<key>EFAC5F8F1C30704700D25E1B</key>
		<dict>
			<key>fileEncoding</key>
			<string>4</string>
			<key>isa</key>
			<string>PBXFileReference</string>
			<key>lastKnownFileType</key>
			<string>sourcecode.swift</string>
			<key>path</key>
			<string>BlogViewController.swift</string>
			<key>sourceTree</key>
			<string>&lt;group&gt;</string>
		</dict>
		<key>EFAC5F901C30704700D25E1B</key>
		<dict>
			<key>fileRef</key>
			<string>EFAC5F8F1C30704700D25E1B</string>
			<key>isa</key>
			<string>PBXBuildFile</string>
		</dict>
		<key>EFAC5F911C30790700D25E1B</key>
		<dict>
			<key>fileEncoding</key>
			<string>4</string>
			<key>isa</key>
			<string>PBXFileReference</string>
			<key>lastKnownFileType</key>
			<string>sourcecode.swift</string>
			<key>path</key>
			<string>FeedViewController.swift</string>
			<key>sourceTree</key>
			<string>&lt;group&gt;</string>
		</dict>
		<key>EFAC5F921C30790700D25E1B</key>
		<dict>
			<key>fileRef</key>
			<string>EFAC5F911C30790700D25E1B</string>
			<key>isa</key>
			<string>PBXBuildFile</string>
		</dict>
		<key>EFB6679C1CCD565D00502B3E</key>
		<dict>
			<key>fileEncoding</key>
			<string>4</string>
			<key>isa</key>
			<string>PBXFileReference</string>
			<key>lastKnownFileType</key>
			<string>sourcecode.swift</string>
			<key>path</key>
			<string>Article.swift</string>
			<key>sourceTree</key>
			<string>&lt;group&gt;</string>
		</dict>
		<key>EFB6679D1CCD565D00502B3E</key>
		<dict>
			<key>fileRef</key>
			<string>EFB6679C1CCD565D00502B3E</string>
			<key>isa</key>
			<string>PBXBuildFile</string>
		</dict>
		<key>EFBEF04F1C95F3C300ED66C7</key>
		<dict>
			<key>fileRef</key>
			<string>E17B28A41825F2D60049DC5D</string>
			<key>isa</key>
			<string>PBXBuildFile</string>
		</dict>
		<key>EFF6D9B31C2F828200CBDCD3</key>
		<dict>
			<key>isa</key>
			<string>PBXFileReference</string>
			<key>lastKnownFileType</key>
			<string>sourcecode.c.h</string>
			<key>path</key>
			<string>KDIC-Bridging-Header.h</string>
			<key>sourceTree</key>
			<string>&lt;group&gt;</string>
		</dict>
		<key>EFF6D9B41C2F828200CBDCD3</key>
		<dict>
			<key>fileEncoding</key>
			<string>4</string>
			<key>isa</key>
			<string>PBXFileReference</string>
			<key>lastKnownFileType</key>
			<string>sourcecode.swift</string>
			<key>path</key>
			<string>PlayerViewController.swift</string>
			<key>sourceTree</key>
			<string>&lt;group&gt;</string>
		</dict>
		<key>EFF6D9B51C2F828200CBDCD3</key>
		<dict>
			<key>fileRef</key>
			<string>EFF6D9B41C2F828200CBDCD3</string>
			<key>isa</key>
			<string>PBXBuildFile</string>
		</dict>
		<key>EFFE28071CCD3B2400C18833</key>
		<dict>
			<key>fileEncoding</key>
			<string>4</string>
			<key>isa</key>
			<string>PBXFileReference</string>
			<key>lastKnownFileType</key>
			<string>sourcecode.swift</string>
			<key>path</key>
			<string>KdicPlayer.swift</string>
			<key>sourceTree</key>
			<string>&lt;group&gt;</string>
		</dict>
		<key>EFFE28081CCD3B2400C18833</key>
		<dict>
			<key>fileRef</key>
			<string>EFFE28071CCD3B2400C18833</string>
			<key>isa</key>
			<string>PBXBuildFile</string>
		</dict>
		<key>EFFE28091CCD3D1600C18833</key>
		<dict>
			<key>fileEncoding</key>
			<string>4</string>
			<key>isa</key>
			<string>PBXFileReference</string>
			<key>lastKnownFileType</key>
			<string>sourcecode.swift</string>
			<key>path</key>
			<string>BlogUITableExtensionViewController.swift</string>
			<key>sourceTree</key>
			<string>&lt;group&gt;</string>
		</dict>
		<key>EFFE280A1CCD3D1600C18833</key>
		<dict>
			<key>fileRef</key>
			<string>EFFE28091CCD3D1600C18833</string>
			<key>isa</key>
			<string>PBXBuildFile</string>
		</dict>
		<key>FE54E5459C68ED6DD7FD67F2</key>
		<dict>
			<key>buildActionMask</key>
			<string>2147483647</string>
			<key>files</key>
			<array/>
			<key>inputPaths</key>
			<array/>
			<key>isa</key>
			<string>PBXShellScriptBuildPhase</string>
			<key>name</key>
			<string>Embed Pods Frameworks</string>
			<key>outputPaths</key>
			<array/>
			<key>runOnlyForDeploymentPostprocessing</key>
			<string>0</string>
			<key>shellPath</key>
			<string>/bin/sh</string>
			<key>shellScript</key>
			<string>"${SRCROOT}/Pods/Target Support Files/Pods-KDIC/Pods-KDIC-frameworks.sh"
</string>
			<key>showEnvVarsInLog</key>
			<string>0</string>
		</dict>
	</dict>
	<key>rootObject</key>
	<string>E17B28871825F2D60049DC5D</string>
</dict>
</plist>
