// !$*UTF8*$!
{
	archiveVersion = 1;
	classes = {
	};
	objectVersion = 46;
	objects = {

/* Begin PBXBuildFile section */
		9A5F85617935432FB861732B /* libPods.a in Frameworks */ = {isa = PBXBuildFile; fileRef = 270B21DEFC0E4BB592DF5647 /* libPods.a */; };
		E10384111826127F008D1511 /* kdic-narrow.png in Resources */ = {isa = PBXBuildFile; fileRef = E103840A1826127F008D1511 /* kdic-narrow.png */; };
		E10384121826127F008D1511 /* pause.png in Resources */ = {isa = PBXBuildFile; fileRef = E103840B1826127F008D1511 /* pause.png */; };
		E10384131826127F008D1511 /* play.png in Resources */ = {isa = PBXBuildFile; fileRef = E103840C1826127F008D1511 /* play.png */; };
		E10384141826127F008D1511 /* volume_max.png in Resources */ = {isa = PBXBuildFile; fileRef = E103840D1826127F008D1511 /* volume_max.png */; };
		E10384151826127F008D1511 /* volume_min.png in Resources */ = {isa = PBXBuildFile; fileRef = E103840E1826127F008D1511 /* volume_min.png */; };
		E12991AA1826658D00AAAD4D /* icon-29.png in Resources */ = {isa = PBXBuildFile; fileRef = E12991A11826658D00AAAD4D /* icon-29.png */; };
		E12991AB1826658D00AAAD4D /* icon-40.png in Resources */ = {isa = PBXBuildFile; fileRef = E12991A21826658D00AAAD4D /* icon-40.png */; };
		E12991AC1826658D00AAAD4D /* icon-58.png in Resources */ = {isa = PBXBuildFile; fileRef = E12991A31826658D00AAAD4D /* icon-58.png */; };
		E12991AD1826658D00AAAD4D /* icon-76.png in Resources */ = {isa = PBXBuildFile; fileRef = E12991A41826658D00AAAD4D /* icon-76.png */; };
		E12991AE1826658D00AAAD4D /* icon-80.png in Resources */ = {isa = PBXBuildFile; fileRef = E12991A51826658D00AAAD4D /* icon-80.png */; };
		E12991AF1826658D00AAAD4D /* icon-120.png in Resources */ = {isa = PBXBuildFile; fileRef = E12991A61826658D00AAAD4D /* icon-120.png */; };
		E12991B01826658D00AAAD4D /* icon-152.png in Resources */ = {isa = PBXBuildFile; fileRef = E12991A71826658D00AAAD4D /* icon-152.png */; };
		E12991B11826658D00AAAD4D /* iTunesArtwork.png in Resources */ = {isa = PBXBuildFile; fileRef = E12991A81826658D00AAAD4D /* iTunesArtwork.png */; };
		E12991B21826658D00AAAD4D /* iTunesArtwork@2x.png in Resources */ = {isa = PBXBuildFile; fileRef = E12991A91826658D00AAAD4D /* iTunesArtwork@2x.png */; };
		E12991B4182665B000AAAD4D /* kdic-wide.png in Resources */ = {isa = PBXBuildFile; fileRef = E12991B3182665B000AAAD4D /* kdic-wide.png */; };
		E15BCC111826F25C00D8229B /* Menu-Icon.png in Resources */ = {isa = PBXBuildFile; fileRef = E15BCC101826F25C00D8229B /* Menu-Icon.png */; };
		E17B28931825F2D60049DC5D /* Foundation.framework in Frameworks */ = {isa = PBXBuildFile; fileRef = E17B28921825F2D60049DC5D /* Foundation.framework */; };
		E17B28951825F2D60049DC5D /* CoreGraphics.framework in Frameworks */ = {isa = PBXBuildFile; fileRef = E17B28941825F2D60049DC5D /* CoreGraphics.framework */; };
		E17B28971825F2D60049DC5D /* UIKit.framework in Frameworks */ = {isa = PBXBuildFile; fileRef = E17B28961825F2D60049DC5D /* UIKit.framework */; };
		E17B289D1825F2D60049DC5D /* InfoPlist.strings in Resources */ = {isa = PBXBuildFile; fileRef = E17B289B1825F2D60049DC5D /* InfoPlist.strings */; };
		E17B289F1825F2D60049DC5D /* main.m in Sources */ = {isa = PBXBuildFile; fileRef = E17B289E1825F2D60049DC5D /* main.m */; };
		E17B28A31825F2D60049DC5D /* AppDelegate.m in Sources */ = {isa = PBXBuildFile; fileRef = E17B28A21825F2D60049DC5D /* AppDelegate.m */; };
		E17B28A61825F2D60049DC5D /* Main_iPhone.storyboard in Resources */ = {isa = PBXBuildFile; fileRef = E17B28A41825F2D60049DC5D /* Main_iPhone.storyboard */; };
		E17B28A91825F2D60049DC5D /* Main_iPad.storyboard in Resources */ = {isa = PBXBuildFile; fileRef = E17B28A71825F2D60049DC5D /* Main_iPad.storyboard */; };
		E17B28AC1825F2D60049DC5D /* ViewController.m in Sources */ = {isa = PBXBuildFile; fileRef = E17B28AB1825F2D60049DC5D /* ViewController.m */; };
		E17B28AE1825F2D60049DC5D /* Images.xcassets in Resources */ = {isa = PBXBuildFile; fileRef = E17B28AD1825F2D60049DC5D /* Images.xcassets */; };
		E17B28CB1825F3C90049DC5D /* AVFoundation.framework in Frameworks */ = {isa = PBXBuildFile; fileRef = E17B28CA1825F3C90049DC5D /* AVFoundation.framework */; };
		E17B28D21825FF440049DC5D /* MediaPlayer.framework in Frameworks */ = {isa = PBXBuildFile; fileRef = E17B28D11825FF440049DC5D /* MediaPlayer.framework */; };
		E17EDD221826D7D1005FD6FD /* DeckController.m in Sources */ = {isa = PBXBuildFile; fileRef = E17EDD211826D7D1005FD6FD /* DeckController.m */; };
		E17EDD251826DA5D005FD6FD /* ScheduleViewController.m in Sources */ = {isa = PBXBuildFile; fileRef = E17EDD241826DA5D005FD6FD /* ScheduleViewController.m */; };
		E17EDD271826E04F005FD6FD /* ScheduleCell.xib in Resources */ = {isa = PBXBuildFile; fileRef = E17EDD261826E04F005FD6FD /* ScheduleCell.xib */; };
/* End PBXBuildFile section */

/* Begin PBXFileReference section */
		270B21DEFC0E4BB592DF5647 /* libPods.a */ = {isa = PBXFileReference; explicitFileType = archive.ar; includeInIndex = 0; path = libPods.a; sourceTree = BUILT_PRODUCTS_DIR; };
		75A241971BA2429897F82E24 /* Pods.xcconfig */ = {isa = PBXFileReference; includeInIndex = 1; lastKnownFileType = text.xcconfig; name = Pods.xcconfig; path = Pods/Pods.xcconfig; sourceTree = "<group>"; };
		E103840A1826127F008D1511 /* kdic-narrow.png */ = {isa = PBXFileReference; lastKnownFileType = image.png; path = "kdic-narrow.png"; sourceTree = SOURCE_ROOT; };
		E103840B1826127F008D1511 /* pause.png */ = {isa = PBXFileReference; lastKnownFileType = image.png; path = pause.png; sourceTree = SOURCE_ROOT; };
		E103840C1826127F008D1511 /* play.png */ = {isa = PBXFileReference; lastKnownFileType = image.png; path = play.png; sourceTree = SOURCE_ROOT; };
		E103840D1826127F008D1511 /* volume_max.png */ = {isa = PBXFileReference; lastKnownFileType = image.png; path = volume_max.png; sourceTree = SOURCE_ROOT; };
		E103840E1826127F008D1511 /* volume_min.png */ = {isa = PBXFileReference; lastKnownFileType = image.png; path = volume_min.png; sourceTree = SOURCE_ROOT; };
		E12991A11826658D00AAAD4D /* icon-29.png */ = {isa = PBXFileReference; lastKnownFileType = image.png; path = "icon-29.png"; sourceTree = SOURCE_ROOT; };
		E12991A21826658D00AAAD4D /* icon-40.png */ = {isa = PBXFileReference; lastKnownFileType = image.png; path = "icon-40.png"; sourceTree = SOURCE_ROOT; };
		E12991A31826658D00AAAD4D /* icon-58.png */ = {isa = PBXFileReference; lastKnownFileType = image.png; path = "icon-58.png"; sourceTree = SOURCE_ROOT; };
		E12991A41826658D00AAAD4D /* icon-76.png */ = {isa = PBXFileReference; lastKnownFileType = image.png; path = "icon-76.png"; sourceTree = SOURCE_ROOT; };
		E12991A51826658D00AAAD4D /* icon-80.png */ = {isa = PBXFileReference; lastKnownFileType = image.png; path = "icon-80.png"; sourceTree = SOURCE_ROOT; };
		E12991A61826658D00AAAD4D /* icon-120.png */ = {isa = PBXFileReference; lastKnownFileType = image.png; path = "icon-120.png"; sourceTree = SOURCE_ROOT; };
		E12991A71826658D00AAAD4D /* icon-152.png */ = {isa = PBXFileReference; lastKnownFileType = image.png; path = "icon-152.png"; sourceTree = SOURCE_ROOT; };
		E12991A81826658D00AAAD4D /* iTunesArtwork.png */ = {isa = PBXFileReference; lastKnownFileType = image.png; path = iTunesArtwork.png; sourceTree = SOURCE_ROOT; };
		E12991A91826658D00AAAD4D /* iTunesArtwork@2x.png */ = {isa = PBXFileReference; lastKnownFileType = image.png; path = "iTunesArtwork@2x.png"; sourceTree = SOURCE_ROOT; };
		E12991B3182665B000AAAD4D /* kdic-wide.png */ = {isa = PBXFileReference; lastKnownFileType = image.png; path = "kdic-wide.png"; sourceTree = SOURCE_ROOT; };
		E15BCC101826F25C00D8229B /* Menu-Icon.png */ = {isa = PBXFileReference; lastKnownFileType = image.png; path = "Menu-Icon.png"; sourceTree = SOURCE_ROOT; };
		E17B288F1825F2D60049DC5D /* KDIC.app */ = {isa = PBXFileReference; explicitFileType = wrapper.application; includeInIndex = 0; path = KDIC.app; sourceTree = BUILT_PRODUCTS_DIR; };
		E17B28921825F2D60049DC5D /* Foundation.framework */ = {isa = PBXFileReference; lastKnownFileType = wrapper.framework; name = Foundation.framework; path = System/Library/Frameworks/Foundation.framework; sourceTree = SDKROOT; };
		E17B28941825F2D60049DC5D /* CoreGraphics.framework */ = {isa = PBXFileReference; lastKnownFileType = wrapper.framework; name = CoreGraphics.framework; path = System/Library/Frameworks/CoreGraphics.framework; sourceTree = SDKROOT; };
		E17B28961825F2D60049DC5D /* UIKit.framework */ = {isa = PBXFileReference; lastKnownFileType = wrapper.framework; name = UIKit.framework; path = System/Library/Frameworks/UIKit.framework; sourceTree = SDKROOT; };
		E17B289A1825F2D60049DC5D /* KDIC-Info.plist */ = {isa = PBXFileReference; lastKnownFileType = text.plist.xml; path = "KDIC-Info.plist"; sourceTree = "<group>"; };
		E17B289C1825F2D60049DC5D /* en */ = {isa = PBXFileReference; lastKnownFileType = text.plist.strings; name = en; path = en.lproj/InfoPlist.strings; sourceTree = "<group>"; };
		E17B289E1825F2D60049DC5D /* main.m */ = {isa = PBXFileReference; lastKnownFileType = sourcecode.c.objc; path = main.m; sourceTree = "<group>"; };
		E17B28A01825F2D60049DC5D /* KDIC-Prefix.pch */ = {isa = PBXFileReference; lastKnownFileType = sourcecode.c.h; path = "KDIC-Prefix.pch"; sourceTree = "<group>"; };
		E17B28A11825F2D60049DC5D /* AppDelegate.h */ = {isa = PBXFileReference; lastKnownFileType = sourcecode.c.h; path = AppDelegate.h; sourceTree = "<group>"; };
		E17B28A21825F2D60049DC5D /* AppDelegate.m */ = {isa = PBXFileReference; lastKnownFileType = sourcecode.c.objc; path = AppDelegate.m; sourceTree = "<group>"; };
		E17B28A51825F2D60049DC5D /* Base */ = {isa = PBXFileReference; lastKnownFileType = file.storyboard; name = Base; path = Base.lproj/Main_iPhone.storyboard; sourceTree = "<group>"; };
		E17B28A81825F2D60049DC5D /* Base */ = {isa = PBXFileReference; lastKnownFileType = file.storyboard; name = Base; path = Base.lproj/Main_iPad.storyboard; sourceTree = "<group>"; };
		E17B28AA1825F2D60049DC5D /* ViewController.h */ = {isa = PBXFileReference; lastKnownFileType = sourcecode.c.h; path = ViewController.h; sourceTree = "<group>"; };
		E17B28AB1825F2D60049DC5D /* ViewController.m */ = {isa = PBXFileReference; lastKnownFileType = sourcecode.c.objc; path = ViewController.m; sourceTree = "<group>"; };
		E17B28AD1825F2D60049DC5D /* Images.xcassets */ = {isa = PBXFileReference; lastKnownFileType = folder.assetcatalog; path = Images.xcassets; sourceTree = "<group>"; };
		E17B28B41825F2D70049DC5D /* XCTest.framework */ = {isa = PBXFileReference; lastKnownFileType = wrapper.framework; name = XCTest.framework; path = Library/Frameworks/XCTest.framework; sourceTree = DEVELOPER_DIR; };
		E17B28CA1825F3C90049DC5D /* AVFoundation.framework */ = {isa = PBXFileReference; lastKnownFileType = wrapper.framework; name = AVFoundation.framework; path = System/Library/Frameworks/AVFoundation.framework; sourceTree = SDKROOT; };
		E17B28D11825FF440049DC5D /* MediaPlayer.framework */ = {isa = PBXFileReference; lastKnownFileType = wrapper.framework; name = MediaPlayer.framework; path = System/Library/Frameworks/MediaPlayer.framework; sourceTree = SDKROOT; };
		E17EDD201826D7D1005FD6FD /* DeckController.h */ = {isa = PBXFileReference; fileEncoding = 4; lastKnownFileType = sourcecode.c.h; path = DeckController.h; sourceTree = "<group>"; };
		E17EDD211826D7D1005FD6FD /* DeckController.m */ = {isa = PBXFileReference; fileEncoding = 4; lastKnownFileType = sourcecode.c.objc; path = DeckController.m; sourceTree = "<group>"; };
		E17EDD231826DA5D005FD6FD /* ScheduleViewController.h */ = {isa = PBXFileReference; fileEncoding = 4; lastKnownFileType = sourcecode.c.h; path = ScheduleViewController.h; sourceTree = "<group>"; };
		E17EDD241826DA5D005FD6FD /* ScheduleViewController.m */ = {isa = PBXFileReference; fileEncoding = 4; lastKnownFileType = sourcecode.c.objc; path = ScheduleViewController.m; sourceTree = "<group>"; };
		E17EDD261826E04F005FD6FD /* ScheduleCell.xib */ = {isa = PBXFileReference; fileEncoding = 4; lastKnownFileType = file.xib; path = ScheduleCell.xib; sourceTree = "<group>"; };
/* End PBXFileReference section */

/* Begin PBXFrameworksBuildPhase section */
		E17B288C1825F2D60049DC5D /* Frameworks */ = {
			isa = PBXFrameworksBuildPhase;
			buildActionMask = 2147483647;
			files = (
				E17B28D21825FF440049DC5D /* MediaPlayer.framework in Frameworks */,
				E17B28CB1825F3C90049DC5D /* AVFoundation.framework in Frameworks */,
				E17B28951825F2D60049DC5D /* CoreGraphics.framework in Frameworks */,
				E17B28971825F2D60049DC5D /* UIKit.framework in Frameworks */,
				E17B28931825F2D60049DC5D /* Foundation.framework in Frameworks */,
				9A5F85617935432FB861732B /* libPods.a in Frameworks */,
			);
			runOnlyForDeploymentPostprocessing = 0;
		};
/* End PBXFrameworksBuildPhase section */

/* Begin PBXGroup section */
		E17B28861825F2D60049DC5D = {
			isa = PBXGroup;
			children = (
				E17B28981825F2D60049DC5D /* KDIC */,
				E17B28911825F2D60049DC5D /* Frameworks */,
				E17B28901825F2D60049DC5D /* Products */,
				75A241971BA2429897F82E24 /* Pods.xcconfig */,
			);
			sourceTree = "<group>";
		};
		E17B28901825F2D60049DC5D /* Products */ = {
			isa = PBXGroup;
			children = (
				E17B288F1825F2D60049DC5D /* KDIC.app */,
			);
			name = Products;
			sourceTree = "<group>";
		};
		E17B28911825F2D60049DC5D /* Frameworks */ = {
			isa = PBXGroup;
			children = (
				E17B28D11825FF440049DC5D /* MediaPlayer.framework */,
				E17B28CA1825F3C90049DC5D /* AVFoundation.framework */,
				E17B28921825F2D60049DC5D /* Foundation.framework */,
				E17B28941825F2D60049DC5D /* CoreGraphics.framework */,
				E17B28961825F2D60049DC5D /* UIKit.framework */,
				E17B28B41825F2D70049DC5D /* XCTest.framework */,
				270B21DEFC0E4BB592DF5647 /* libPods.a */,
			);
			name = Frameworks;
			sourceTree = "<group>";
		};
		E17B28981825F2D60049DC5D /* KDIC */ = {
			isa = PBXGroup;
			children = (
				E17B28A11825F2D60049DC5D /* AppDelegate.h */,
				E17B28A21825F2D60049DC5D /* AppDelegate.m */,
				E17B28A41825F2D60049DC5D /* Main_iPhone.storyboard */,
				E17B28A71825F2D60049DC5D /* Main_iPad.storyboard */,
				E17EDD201826D7D1005FD6FD /* DeckController.h */,
				E17EDD211826D7D1005FD6FD /* DeckController.m */,
				E17EDD231826DA5D005FD6FD /* ScheduleViewController.h */,
				E17EDD241826DA5D005FD6FD /* ScheduleViewController.m */,
				E17EDD261826E04F005FD6FD /* ScheduleCell.xib */,
				E17B28AA1825F2D60049DC5D /* ViewController.h */,
				E17B28AB1825F2D60049DC5D /* ViewController.m */,
				E17B28D01825F8E60049DC5D /* Images */,
				E17B28AD1825F2D60049DC5D /* Images.xcassets */,
				E17B28991825F2D60049DC5D /* Supporting Files */,
			);
			path = KDIC;
			sourceTree = "<group>";
		};
		E17B28991825F2D60049DC5D /* Supporting Files */ = {
			isa = PBXGroup;
			children = (
				E17B289A1825F2D60049DC5D /* KDIC-Info.plist */,
				E17B289B1825F2D60049DC5D /* InfoPlist.strings */,
				E17B289E1825F2D60049DC5D /* main.m */,
				E17B28A01825F2D60049DC5D /* KDIC-Prefix.pch */,
			);
			name = "Supporting Files";
			sourceTree = "<group>";
		};
		E17B28D01825F8E60049DC5D /* Images */ = {
			isa = PBXGroup;
			children = (
				E12991B3182665B000AAAD4D /* kdic-wide.png */,
				E12991A11826658D00AAAD4D /* icon-29.png */,
				E12991A21826658D00AAAD4D /* icon-40.png */,
				E12991A31826658D00AAAD4D /* icon-58.png */,
				E12991A41826658D00AAAD4D /* icon-76.png */,
				E12991A51826658D00AAAD4D /* icon-80.png */,
				E12991A61826658D00AAAD4D /* icon-120.png */,
				E12991A71826658D00AAAD4D /* icon-152.png */,
				E12991A81826658D00AAAD4D /* iTunesArtwork.png */,
				E12991A91826658D00AAAD4D /* iTunesArtwork@2x.png */,
				E103840A1826127F008D1511 /* kdic-narrow.png */,
				E15BCC101826F25C00D8229B /* Menu-Icon.png */,
				E103840B1826127F008D1511 /* pause.png */,
				E103840C1826127F008D1511 /* play.png */,
				E103840D1826127F008D1511 /* volume_max.png */,
				E103840E1826127F008D1511 /* volume_min.png */,
			);
			name = Images;
			sourceTree = "<group>";
		};
/* End PBXGroup section */

/* Begin PBXNativeTarget section */
		E17B288E1825F2D60049DC5D /* KDIC */ = {
			isa = PBXNativeTarget;
			buildConfigurationList = E17B28C41825F2D70049DC5D /* Build configuration list for PBXNativeTarget "KDIC" */;
			buildPhases = (
				4CA67B455CAF474B8A12F1ED /* Check Pods Manifest.lock */,
				E17B288B1825F2D60049DC5D /* Sources */,
				E17B288C1825F2D60049DC5D /* Frameworks */,
				E17B288D1825F2D60049DC5D /* Resources */,
				60474BE72E2D4BC7A4DB50C5 /* Copy Pods Resources */,
			);
			buildRules = (
			);
			dependencies = (
			);
			name = KDIC;
			productName = KDIC;
			productReference = E17B288F1825F2D60049DC5D /* KDIC.app */;
			productType = "com.apple.product-type.application";
		};
/* End PBXNativeTarget section */

/* Begin PBXProject section */
		E17B28871825F2D60049DC5D /* Project object */ = {
			isa = PBXProject;
			attributes = {
				LastUpgradeCheck = 0500;
				ORGANIZATIONNAME = "Colin Tremblay";
			};
			buildConfigurationList = E17B288A1825F2D60049DC5D /* Build configuration list for PBXProject "KDIC" */;
			compatibilityVersion = "Xcode 3.2";
			developmentRegion = English;
			hasScannedForEncodings = 0;
			knownRegions = (
				en,
				Base,
			);
			mainGroup = E17B28861825F2D60049DC5D;
			productRefGroup = E17B28901825F2D60049DC5D /* Products */;
			projectDirPath = "";
			projectRoot = "";
			targets = (
				E17B288E1825F2D60049DC5D /* KDIC */,
			);
		};
/* End PBXProject section */

/* Begin PBXResourcesBuildPhase section */
		E17B288D1825F2D60049DC5D /* Resources */ = {
			isa = PBXResourcesBuildPhase;
			buildActionMask = 2147483647;
			files = (
				E12991B4182665B000AAAD4D /* kdic-wide.png in Resources */,
				E12991AF1826658D00AAAD4D /* icon-120.png in Resources */,
				E10384151826127F008D1511 /* volume_min.png in Resources */,
				E12991AC1826658D00AAAD4D /* icon-58.png in Resources */,
				E10384121826127F008D1511 /* pause.png in Resources */,
				E17B28A91825F2D60049DC5D /* Main_iPad.storyboard in Resources */,
				E17B28AE1825F2D60049DC5D /* Images.xcassets in Resources */,
				E12991AB1826658D00AAAD4D /* icon-40.png in Resources */,
				E12991B11826658D00AAAD4D /* iTunesArtwork.png in Resources */,
				E10384141826127F008D1511 /* volume_max.png in Resources */,
				E12991B21826658D00AAAD4D /* iTunesArtwork@2x.png in Resources */,
				E10384111826127F008D1511 /* kdic-narrow.png in Resources */,
				E12991B01826658D00AAAD4D /* icon-152.png in Resources */,
				E15BCC111826F25C00D8229B /* Menu-Icon.png in Resources */,
				E10384131826127F008D1511 /* play.png in Resources */,
				E17EDD271826E04F005FD6FD /* ScheduleCell.xib in Resources */,
				E12991AD1826658D00AAAD4D /* icon-76.png in Resources */,
				E12991AE1826658D00AAAD4D /* icon-80.png in Resources */,
				E17B28A61825F2D60049DC5D /* Main_iPhone.storyboard in Resources */,
				E17B289D1825F2D60049DC5D /* InfoPlist.strings in Resources */,
				E12991AA1826658D00AAAD4D /* icon-29.png in Resources */,
			);
			runOnlyForDeploymentPostprocessing = 0;
		};
/* End PBXResourcesBuildPhase section */

/* Begin PBXShellScriptBuildPhase section */
		4CA67B455CAF474B8A12F1ED /* Check Pods Manifest.lock */ = {
			isa = PBXShellScriptBuildPhase;
			buildActionMask = 2147483647;
			files = (
			);
			inputPaths = (
			);
			name = "Check Pods Manifest.lock";
			outputPaths = (
			);
			runOnlyForDeploymentPostprocessing = 0;
			shellPath = /bin/sh;
			shellScript = "diff \"${PODS_ROOT}/../Podfile.lock\" \"${PODS_ROOT}/Manifest.lock\" > /dev/null\nif [[ $? != 0 ]] ; then\n    cat << EOM\nerror: The sandbox is not in sync with the Podfile.lock. Run 'pod install' or update your CocoaPods installation.\nEOM\n    exit 1\nfi\n";
			showEnvVarsInLog = 0;
		};
		60474BE72E2D4BC7A4DB50C5 /* Copy Pods Resources */ = {
			isa = PBXShellScriptBuildPhase;
			buildActionMask = 2147483647;
			files = (
			);
			inputPaths = (
			);
			name = "Copy Pods Resources";
			outputPaths = (
			);
			runOnlyForDeploymentPostprocessing = 0;
			shellPath = /bin/sh;
			shellScript = "\"${SRCROOT}/Pods/Pods-resources.sh\"\n";
			showEnvVarsInLog = 0;
		};
/* End PBXShellScriptBuildPhase section */

/* Begin PBXSourcesBuildPhase section */
		E17B288B1825F2D60049DC5D /* Sources */ = {
			isa = PBXSourcesBuildPhase;
			buildActionMask = 2147483647;
			files = (
				E17B28AC1825F2D60049DC5D /* ViewController.m in Sources */,
				E17B28A31825F2D60049DC5D /* AppDelegate.m in Sources */,
				E17EDD251826DA5D005FD6FD /* ScheduleViewController.m in Sources */,
				E17EDD221826D7D1005FD6FD /* DeckController.m in Sources */,
				E17B289F1825F2D60049DC5D /* main.m in Sources */,
			);
			runOnlyForDeploymentPostprocessing = 0;
		};
/* End PBXSourcesBuildPhase section */

/* Begin PBXVariantGroup section */
		E17B289B1825F2D60049DC5D /* InfoPlist.strings */ = {
			isa = PBXVariantGroup;
			children = (
				E17B289C1825F2D60049DC5D /* en */,
			);
			name = InfoPlist.strings;
			sourceTree = "<group>";
		};
		E17B28A41825F2D60049DC5D /* Main_iPhone.storyboard */ = {
			isa = PBXVariantGroup;
			children = (
				E17B28A51825F2D60049DC5D /* Base */,
			);
			name = Main_iPhone.storyboard;
			sourceTree = "<group>";
		};
		E17B28A71825F2D60049DC5D /* Main_iPad.storyboard */ = {
			isa = PBXVariantGroup;
			children = (
				E17B28A81825F2D60049DC5D /* Base */,
			);
			name = Main_iPad.storyboard;
			sourceTree = "<group>";
		};
/* End PBXVariantGroup section */

/* Begin XCBuildConfiguration section */
		E17B28C21825F2D70049DC5D /* Debug */ = {
			isa = XCBuildConfiguration;
			buildSettings = {
				ALWAYS_SEARCH_USER_PATHS = NO;
				ARCHS = "$(ARCHS_STANDARD_INCLUDING_64_BIT)";
				CLANG_CXX_LANGUAGE_STANDARD = "gnu++0x";
				CLANG_CXX_LIBRARY = "libc++";
				CLANG_ENABLE_MODULES = YES;
				CLANG_ENABLE_OBJC_ARC = YES;
				CLANG_WARN_BOOL_CONVERSION = YES;
				CLANG_WARN_CONSTANT_CONVERSION = YES;
				CLANG_WARN_DIRECT_OBJC_ISA_USAGE = YES_ERROR;
				CLANG_WARN_EMPTY_BODY = YES;
				CLANG_WARN_ENUM_CONVERSION = YES;
				CLANG_WARN_INT_CONVERSION = YES;
				CLANG_WARN_OBJC_ROOT_CLASS = YES_ERROR;
				CLANG_WARN__DUPLICATE_METHOD_MATCH = YES;
				"CODE_SIGN_IDENTITY[sdk=iphoneos*]" = "iPhone Developer";
				COPY_PHASE_STRIP = NO;
				GCC_C_LANGUAGE_STANDARD = gnu99;
				GCC_DYNAMIC_NO_PIC = NO;
				GCC_OPTIMIZATION_LEVEL = 0;
				GCC_PREPROCESSOR_DEFINITIONS = (
					"DEBUG=1",
					"$(inherited)",
				);
				GCC_SYMBOLS_PRIVATE_EXTERN = NO;
				GCC_WARN_64_TO_32_BIT_CONVERSION = YES;
				GCC_WARN_ABOUT_RETURN_TYPE = YES_ERROR;
				GCC_WARN_UNDECLARED_SELECTOR = YES;
				GCC_WARN_UNINITIALIZED_AUTOS = YES;
				GCC_WARN_UNUSED_FUNCTION = YES;
				GCC_WARN_UNUSED_VARIABLE = YES;
				IPHONEOS_DEPLOYMENT_TARGET = 7.0;
				ONLY_ACTIVE_ARCH = YES;
				SDKROOT = iphoneos;
				TARGETED_DEVICE_FAMILY = "1,2";
			};
			name = Debug;
		};
		E17B28C31825F2D70049DC5D /* Release */ = {
			isa = XCBuildConfiguration;
			buildSettings = {
				ALWAYS_SEARCH_USER_PATHS = NO;
				ARCHS = "$(ARCHS_STANDARD_INCLUDING_64_BIT)";
				CLANG_CXX_LANGUAGE_STANDARD = "gnu++0x";
				CLANG_CXX_LIBRARY = "libc++";
				CLANG_ENABLE_MODULES = YES;
				CLANG_ENABLE_OBJC_ARC = YES;
				CLANG_WARN_BOOL_CONVERSION = YES;
				CLANG_WARN_CONSTANT_CONVERSION = YES;
				CLANG_WARN_DIRECT_OBJC_ISA_USAGE = YES_ERROR;
				CLANG_WARN_EMPTY_BODY = YES;
				CLANG_WARN_ENUM_CONVERSION = YES;
				CLANG_WARN_INT_CONVERSION = YES;
				CLANG_WARN_OBJC_ROOT_CLASS = YES_ERROR;
				CLANG_WARN__DUPLICATE_METHOD_MATCH = YES;
				"CODE_SIGN_IDENTITY[sdk=iphoneos*]" = "iPhone Developer";
				COPY_PHASE_STRIP = YES;
				ENABLE_NS_ASSERTIONS = NO;
				GCC_C_LANGUAGE_STANDARD = gnu99;
				GCC_WARN_64_TO_32_BIT_CONVERSION = YES;
				GCC_WARN_ABOUT_RETURN_TYPE = YES_ERROR;
				GCC_WARN_UNDECLARED_SELECTOR = YES;
				GCC_WARN_UNINITIALIZED_AUTOS = YES;
				GCC_WARN_UNUSED_FUNCTION = YES;
				GCC_WARN_UNUSED_VARIABLE = YES;
				IPHONEOS_DEPLOYMENT_TARGET = 7.0;
				SDKROOT = iphoneos;
				TARGETED_DEVICE_FAMILY = "1,2";
				VALIDATE_PRODUCT = YES;
			};
			name = Release;
		};
		E17B28C51825F2D70049DC5D /* Debug */ = {
			isa = XCBuildConfiguration;
			baseConfigurationReference = 75A241971BA2429897F82E24 /* Pods.xcconfig */;
			buildSettings = {
				ASSETCATALOG_COMPILER_LAUNCHIMAGE_NAME = LaunchImage;
				GCC_PRECOMPILE_PREFIX_HEADER = YES;
				GCC_PREFIX_HEADER = "KDIC/KDIC-Prefix.pch";
				INFOPLIST_FILE = "KDIC/KDIC-Info.plist";
				PRODUCT_NAME = "$(TARGET_NAME)";
				WRAPPER_EXTENSION = app;
			};
			name = Debug;
		};
		E17B28C61825F2D70049DC5D /* Release */ = {
			isa = XCBuildConfiguration;
			baseConfigurationReference = 75A241971BA2429897F82E24 /* Pods.xcconfig */;
			buildSettings = {
				ASSETCATALOG_COMPILER_LAUNCHIMAGE_NAME = LaunchImage;
				GCC_PRECOMPILE_PREFIX_HEADER = YES;
				GCC_PREFIX_HEADER = "KDIC/KDIC-Prefix.pch";
				INFOPLIST_FILE = "KDIC/KDIC-Info.plist";
				PRODUCT_NAME = "$(TARGET_NAME)";
				WRAPPER_EXTENSION = app;
			};
			name = Release;
		};
/* End XCBuildConfiguration section */

/* Begin XCConfigurationList section */
		E17B288A1825F2D60049DC5D /* Build configuration list for PBXProject "KDIC" */ = {
			isa = XCConfigurationList;
			buildConfigurations = (
				E17B28C21825F2D70049DC5D /* Debug */,
				E17B28C31825F2D70049DC5D /* Release */,
			);
			defaultConfigurationIsVisible = 0;
			defaultConfigurationName = Release;
		};
		E17B28C41825F2D70049DC5D /* Build configuration list for PBXNativeTarget "KDIC" */ = {
			isa = XCConfigurationList;
			buildConfigurations = (
				E17B28C51825F2D70049DC5D /* Debug */,
				E17B28C61825F2D70049DC5D /* Release */,
			);
			defaultConfigurationIsVisible = 0;
			defaultConfigurationName = Release;
		};
/* End XCConfigurationList section */
	};
	rootObject = E17B28871825F2D60049DC5D /* Project object */;
}
